
Microsoft Visual Studio Solution File, Format Version 12.00
# Visual Studio Version 16
VisualStudioVersion = 16.0.29503.13
MinimumVisualStudioVersion = 10.0.40219.1
Project("{FAE04EC0-301F-11D3-BF4B-00C04F79EFBC}") = "FacilityReccomedManager", "FacilityReccomedManager\FacilityReccomedManager.csproj", "{1168D5F1-EFE3-4A42-8D0E-898713521DB1}"
EndProject
Project("{FAE04EC0-301F-11D3-BF4B-00C04F79EFBC}") = "Function", "Function\Function.csproj", "{FF4D894A-A3BD-4E73-B11A-A05E9010211C}"
EndProject
Global
	GlobalSection(SolutionConfigurationPlatforms) = preSolution
		Debug|Any CPU = Debug|Any CPU
		Release|Any CPU = Release|Any CPU
	EndGlobalSection
	GlobalSection(ProjectConfigurationPlatforms) = postSolution
		{1168D5F1-EFE3-4A42-8D0E-898713521DB1}.Debug|Any CPU.ActiveCfg = Debug|Any CPU
		{1168D5F1-EFE3-4A42-8D0E-898713521DB1}.Debug|Any CPU.Build.0 = Debug|Any CPU
		{1168D5F1-EFE3-4A42-8D0E-898713521DB1}.Release|Any CPU.ActiveCfg = Release|Any CPU
		{1168D5F1-EFE3-4A42-8D0E-898713521DB1}.Release|Any CPU.Build.0 = Release|Any CPU
		{FF4D894A-A3BD-4E73-B11A-A05E9010211C}.Debug|Any CPU.ActiveCfg = Debug|Any CPU
		{FF4D894A-A3BD-4E73-B11A-A05E9010211C}.Debug|Any CPU.Build.0 = Debug|Any CPU
		{FF4D894A-A3BD-4E73-B11A-A05E9010211C}.Release|Any CPU.ActiveCfg = Release|Any CPU
		{FF4D894A-A3BD-4E73-B11A-A05E9010211C}.Release|Any CPU.Build.0 = Release|Any CPU
	EndGlobalSection
	GlobalSection(SolutionProperties) = preSolution
		HideSolutionNode = FALSE
	EndGlobalSection
	GlobalSection(ExtensibilityGlobals) = postSolution
		SolutionGuid = {C4986512-BB08-4395-B64E-6FB21976DB1A}
	EndGlobalSection
EndGlobal
